
Microsoft Visual Studio Solution File, Format Version 12.00
# Visual Studio Version 16
VisualStudioVersion = 16.0.33130.400
MinimumVisualStudioVersion = 10.0.40219.1
Project("{888888A0-9F3D-457C-B088-3A5042F75D52}") = "Zelda Patra Boss Room", "Zelda Patra Boss Room\Zelda Patra Boss Room.pyproj", "{9E253B21-7EF5-48CA-862F-F7F9F1B5E0CE}"
EndProject
Global
	GlobalSection(SolutionConfigurationPlatforms) = preSolution
		Debug|Any CPU = Debug|Any CPU
		Release|Any CPU = Release|Any CPU
	EndGlobalSection
	GlobalSection(ProjectConfigurationPlatforms) = postSolution
		{9E253B21-7EF5-48CA-862F-F7F9F1B5E0CE}.Debug|Any CPU.ActiveCfg = Debug|Any CPU
		{9E253B21-7EF5-48CA-862F-F7F9F1B5E0CE}.Release|Any CPU.ActiveCfg = Release|Any CPU
	EndGlobalSection
	GlobalSection(SolutionProperties) = preSolution
		HideSolutionNode = FALSE
	EndGlobalSection
	GlobalSection(ExtensibilityGlobals) = postSolution
		SolutionGuid = {70B24450-A095-4491-B7D7-119AB15FE438}
	EndGlobalSection
EndGlobal
